
Microsoft Visual Studio Solution File, Format Version 12.00
# Visual Studio Version 17
VisualStudioVersion = 17.4.33205.214
MinimumVisualStudioVersion = 10.0.40219.1
Project("{2150E333-8FDC-42A3-9474-1A3956D46DE8}") = "Solution Items", "Solution Items", "{65312B32-3EFA-4D7C-B6A1-FB85A83F544B}"
	ProjectSection(SolutionItems) = preProject
		.gitignore = .gitignore
		BuildWithVersioning.ps1 = BuildWithVersioning.ps1
		DeployWithVersioning.ps1 = DeployWithVersioning.ps1
		InitBuild.ps1 = InitBuild.ps1
		InitDeploy.ps1 = InitDeploy.ps1
		readme.md = readme.md
		support.md = support.md
	EndProjectSection
EndProject
Project("{54A90642-561A-4BB1-A94E-469ADEE60C69}") = "BuildVersions", "BuildVersions\BuildVersions.esproj", "{114940A4-A2F6-4DB6-8377-7DF5B9AAECC5}"
EndProject
Project("{9A19103F-16F7-4668-BE54-9A1E7A4F7556}") = "BuildVersionsApi", "BuildVersionsApi\BuildVersionsApi.csproj", "{B71E4F28-EB75-45D2-AF9D-601204E8844B}"
EndProject
Project("{9A19103F-16F7-4668-BE54-9A1E7A4F7556}") = "BuildVersionsApi.Data", "BuildVersionsApi.Data\BuildVersionsApi.Data.csproj", "{8A3AD4A0-5054-47A5-8BED-C27249A3C7DA}"
EndProject
Project("{9A19103F-16F7-4668-BE54-9A1E7A4F7556}") = "BuildVersionsApi.Model", "BuildVersionsApi.Model\BuildVersionsApi.Model.csproj", "{33753D2F-EF96-401C-BEF7-0CAC905C34E4}"
EndProject
Project("{9A19103F-16F7-4668-BE54-9A1E7A4F7556}") = "Containers.Common.Types", "Containers.Common.Types\Containers.Common.Types.csproj", "{D7878B8C-E4F4-48CD-B4DC-096DD48F99B7}"
EndProject
Project("{9A19103F-16F7-4668-BE54-9A1E7A4F7556}") = "Containers.Common.HealthCheck", "Containers.Common.HealthCheck\Containers.Common.HealthCheck.csproj", "{7CEBEF73-B720-4F58-A13C-CDAABA9ED022}"
EndProject
Project("{2150E333-8FDC-42A3-9474-1A3956D46DE8}") = "K3sBuildTools", "K3sBuildTools", "{AA2AE15B-BD79-4718-A1A0-8509A81D9186}"
	ProjectSection(SolutionItems) = preProject
		C:\Users\Lennart\Documents\PowerShell\Modules\K3sBuildTools\K3sBuildTools.psd1 = C:\Users\Lennart\Documents\PowerShell\Modules\K3sBuildTools\K3sBuildTools.psd1
		C:\Users\Lennart\Documents\PowerShell\Modules\K3sBuildTools\K3sBuildTools.psm1 = C:\Users\Lennart\Documents\PowerShell\Modules\K3sBuildTools\K3sBuildTools.psm1
	EndProjectSection
EndProject
Project("{2150E333-8FDC-42A3-9474-1A3956D46DE8}") = "setup", "setup", "{09EE56FE-593E-404C-88E1-519CCB16F188}"
	ProjectSection(SolutionItems) = preProject
		setup\config.local.yaml = setup\config.local.yaml
		setup\config.ubk3s.yaml = setup\config.ubk3s.yaml
		setup\CreateCluster.ps1 = setup\CreateCluster.ps1
	EndProjectSection
EndProject
Project("{2150E333-8FDC-42A3-9474-1A3956D46DE8}") = "local", "local", "{EE1E7B36-E5E5-4672-94C1-DA99EB33A318}"
EndProject
Project("{2150E333-8FDC-42A3-9474-1A3956D46DE8}") = "ubk3s", "ubk3s", "{F4F84117-7A7D-4094-BF2B-77967D21E15B}"
EndProject
Project("{2150E333-8FDC-42A3-9474-1A3956D46DE8}") = "grafana", "grafana", "{C0D12015-91D5-427B-AE28-A84EDBB31705}"
	ProjectSection(SolutionItems) = preProject
		setup\local\grafana\configmap.yaml = setup\local\grafana\configmap.yaml
		setup\local\grafana\deployment.yaml = setup\local\grafana\deployment.yaml
		setup\local\grafana\ingress.yaml = setup\local\grafana\ingress.yaml
		setup\local\grafana\kustomization.yaml = setup\local\grafana\kustomization.yaml
		setup\local\grafana\namespace.yaml = setup\local\grafana\namespace.yaml
		setup\local\grafana\persistentvolume.yaml = setup\local\grafana\persistentvolume.yaml
		setup\local\grafana\service.yaml = setup\local\grafana\service.yaml
	EndProjectSection
EndProject
Project("{2150E333-8FDC-42A3-9474-1A3956D46DE8}") = "mysql", "mysql", "{60289DBD-6F67-4886-BF32-A938B83378C0}"
	ProjectSection(SolutionItems) = preProject
		setup\local\mysql\deployment.yaml = setup\local\mysql\deployment.yaml
		setup\local\mysql\kustomization.yaml = setup\local\mysql\kustomization.yaml
		setup\local\mysql\namespace.yaml = setup\local\mysql\namespace.yaml
		setup\local\mysql\persistentvolume.yaml = setup\local\mysql\persistentvolume.yaml
		setup\local\mysql\service.yaml = setup\local\mysql\service.yaml
	EndProjectSection
EndProject
Project("{2150E333-8FDC-42A3-9474-1A3956D46DE8}") = "nats", "nats", "{176FA1E7-F4C1-45B9-AB5D-697EB71ADE30}"
	ProjectSection(SolutionItems) = preProject
		setup\local\nats\configmap.yaml = setup\local\nats\configmap.yaml
		setup\local\nats\ingress.yaml = setup\local\nats\ingress.yaml
		setup\local\nats\kustomization.yaml = setup\local\nats\kustomization.yaml
		setup\local\nats\namespace.yaml = setup\local\nats\namespace.yaml
		setup\local\nats\nats.conf = setup\local\nats\nats.conf
		setup\local\nats\service.yaml = setup\local\nats\service.yaml
		setup\local\nats\statefulset.yaml = setup\local\nats\statefulset.yaml
	EndProjectSection
EndProject
Project("{2150E333-8FDC-42A3-9474-1A3956D46DE8}") = "prometheus", "prometheus", "{2F5CD312-0066-47F4-B40D-CBE5CDF5949D}"
	ProjectSection(SolutionItems) = preProject
		setup\local\prometheus\clusterrole.yaml = setup\local\prometheus\clusterrole.yaml
		setup\local\prometheus\configmap.yaml = setup\local\prometheus\configmap.yaml
		setup\local\prometheus\deployment.yaml = setup\local\prometheus\deployment.yaml
		setup\local\prometheus\ingress.yaml = setup\local\prometheus\ingress.yaml
		setup\local\prometheus\kustomization.yaml = setup\local\prometheus\kustomization.yaml
		setup\local\prometheus\namespace.yaml = setup\local\prometheus\namespace.yaml
		setup\local\prometheus\persistentvolume.yaml = setup\local\prometheus\persistentvolume.yaml
		setup\local\prometheus\service.yaml = setup\local\prometheus\service.yaml
	EndProjectSection
EndProject
Project("{2150E333-8FDC-42A3-9474-1A3956D46DE8}") = "redis", "redis", "{B0006A03-F465-41B5-96D9-ACCC3E3FEBB4}"
	ProjectSection(SolutionItems) = preProject
		setup\local\redis\deployment.yaml = setup\local\redis\deployment.yaml
		setup\local\redis\kustomization.yaml = setup\local\redis\kustomization.yaml
		setup\local\redis\namespace.yaml = setup\local\redis\namespace.yaml
		setup\local\redis\service.yaml = setup\local\redis\service.yaml
	EndProjectSection
EndProject
Project("{2150E333-8FDC-42A3-9474-1A3956D46DE8}") = "sealedsecrets", "sealedsecrets", "{34271612-7661-4AA9-9293-82FD4F1C3C45}"
	ProjectSection(SolutionItems) = preProject
		setup\local\sealedsecrets\controller-norbac.yaml = setup\local\sealedsecrets\controller-norbac.yaml
		setup\local\sealedsecrets\controller.yaml = setup\local\sealedsecrets\controller.yaml
		setup\local\sealedsecrets\kustomization.yaml = setup\local\sealedsecrets\kustomization.yaml
	EndProjectSection
EndProject
Project("{2150E333-8FDC-42A3-9474-1A3956D46DE8}") = "buildversions", "buildversions", "{33935A83-7AD4-4BF2-8EFA-7F20B2FA67A7}"
	ProjectSection(SolutionItems) = preProject
		setup\local\buildversions\deployment.yaml = setup\local\buildversions\deployment.yaml
		setup\local\buildversions\ingress.yaml = setup\local\buildversions\ingress.yaml
		setup\local\buildversions\kustomization.yaml = setup\local\buildversions\kustomization.yaml
		setup\local\buildversions\namespace.yaml = setup\local\buildversions\namespace.yaml
		setup\local\buildversions\service.yaml = setup\local\buildversions\service.yaml
	EndProjectSection
EndProject
Project("{2150E333-8FDC-42A3-9474-1A3956D46DE8}") = "buildversionsapi", "buildversionsapi", "{FD34A904-ED70-48DA-A8D4-D3B0AD17252E}"
	ProjectSection(SolutionItems) = preProject
		setup\local\buildversionsapi\configmap.yaml = setup\local\buildversionsapi\configmap.yaml
		setup\local\buildversionsapi\deployment.yaml = setup\local\buildversionsapi\deployment.yaml
		setup\local\buildversionsapi\ingress.yaml = setup\local\buildversionsapi\ingress.yaml
		setup\local\buildversionsapi\kustomization.yaml = setup\local\buildversionsapi\kustomization.yaml
		setup\local\buildversionsapi\namespace.yaml = setup\local\buildversionsapi\namespace.yaml
		setup\local\buildversionsapi\persistentvolume.yaml = setup\local\buildversionsapi\persistentvolume.yaml
		setup\local\buildversionsapi\secret.yaml = setup\local\buildversionsapi\secret.yaml
		setup\local\buildversionsapi\service.yaml = setup\local\buildversionsapi\service.yaml
	EndProjectSection
EndProject
Project("{2150E333-8FDC-42A3-9474-1A3956D46DE8}") = "secrets", "secrets", "{F47BE144-04FF-489B-BEDE-B129FF29922A}"
	ProjectSection(SolutionItems) = preProject
		setup\local\buildversionsapi\secrets\ConnectionStrings__BuildVersionsDb = setup\local\buildversionsapi\secrets\ConnectionStrings__BuildVersionsDb
	EndProjectSection
EndProject
Global
	GlobalSection(SolutionConfigurationPlatforms) = preSolution
		Debug|Any CPU = Debug|Any CPU
		Release|Any CPU = Release|Any CPU
	EndGlobalSection
	GlobalSection(ProjectConfigurationPlatforms) = postSolution
		{114940A4-A2F6-4DB6-8377-7DF5B9AAECC5}.Debug|Any CPU.ActiveCfg = Debug|Any CPU
		{114940A4-A2F6-4DB6-8377-7DF5B9AAECC5}.Debug|Any CPU.Build.0 = Debug|Any CPU
		{114940A4-A2F6-4DB6-8377-7DF5B9AAECC5}.Debug|Any CPU.Deploy.0 = Debug|Any CPU
		{114940A4-A2F6-4DB6-8377-7DF5B9AAECC5}.Release|Any CPU.ActiveCfg = Release|Any CPU
		{114940A4-A2F6-4DB6-8377-7DF5B9AAECC5}.Release|Any CPU.Build.0 = Release|Any CPU
		{114940A4-A2F6-4DB6-8377-7DF5B9AAECC5}.Release|Any CPU.Deploy.0 = Release|Any CPU
		{B71E4F28-EB75-45D2-AF9D-601204E8844B}.Debug|Any CPU.ActiveCfg = Debug|Any CPU
		{B71E4F28-EB75-45D2-AF9D-601204E8844B}.Debug|Any CPU.Build.0 = Debug|Any CPU
		{B71E4F28-EB75-45D2-AF9D-601204E8844B}.Release|Any CPU.ActiveCfg = Release|Any CPU
		{B71E4F28-EB75-45D2-AF9D-601204E8844B}.Release|Any CPU.Build.0 = Release|Any CPU
		{8A3AD4A0-5054-47A5-8BED-C27249A3C7DA}.Debug|Any CPU.ActiveCfg = Debug|Any CPU
		{8A3AD4A0-5054-47A5-8BED-C27249A3C7DA}.Debug|Any CPU.Build.0 = Debug|Any CPU
		{8A3AD4A0-5054-47A5-8BED-C27249A3C7DA}.Release|Any CPU.ActiveCfg = Release|Any CPU
		{8A3AD4A0-5054-47A5-8BED-C27249A3C7DA}.Release|Any CPU.Build.0 = Release|Any CPU
		{33753D2F-EF96-401C-BEF7-0CAC905C34E4}.Debug|Any CPU.ActiveCfg = Debug|Any CPU
		{33753D2F-EF96-401C-BEF7-0CAC905C34E4}.Debug|Any CPU.Build.0 = Debug|Any CPU
		{33753D2F-EF96-401C-BEF7-0CAC905C34E4}.Release|Any CPU.ActiveCfg = Release|Any CPU
		{33753D2F-EF96-401C-BEF7-0CAC905C34E4}.Release|Any CPU.Build.0 = Release|Any CPU
		{D7878B8C-E4F4-48CD-B4DC-096DD48F99B7}.Debug|Any CPU.ActiveCfg = Debug|Any CPU
		{D7878B8C-E4F4-48CD-B4DC-096DD48F99B7}.Debug|Any CPU.Build.0 = Debug|Any CPU
		{D7878B8C-E4F4-48CD-B4DC-096DD48F99B7}.Release|Any CPU.ActiveCfg = Release|Any CPU
		{D7878B8C-E4F4-48CD-B4DC-096DD48F99B7}.Release|Any CPU.Build.0 = Release|Any CPU
		{7CEBEF73-B720-4F58-A13C-CDAABA9ED022}.Debug|Any CPU.ActiveCfg = Debug|Any CPU
		{7CEBEF73-B720-4F58-A13C-CDAABA9ED022}.Debug|Any CPU.Build.0 = Debug|Any CPU
		{7CEBEF73-B720-4F58-A13C-CDAABA9ED022}.Release|Any CPU.ActiveCfg = Release|Any CPU
		{7CEBEF73-B720-4F58-A13C-CDAABA9ED022}.Release|Any CPU.Build.0 = Release|Any CPU
	EndGlobalSection
	GlobalSection(SolutionProperties) = preSolution
		HideSolutionNode = FALSE
	EndGlobalSection
	GlobalSection(NestedProjects) = preSolution
		{EE1E7B36-E5E5-4672-94C1-DA99EB33A318} = {09EE56FE-593E-404C-88E1-519CCB16F188}
		{F4F84117-7A7D-4094-BF2B-77967D21E15B} = {09EE56FE-593E-404C-88E1-519CCB16F188}
		{C0D12015-91D5-427B-AE28-A84EDBB31705} = {EE1E7B36-E5E5-4672-94C1-DA99EB33A318}
		{60289DBD-6F67-4886-BF32-A938B83378C0} = {EE1E7B36-E5E5-4672-94C1-DA99EB33A318}
		{176FA1E7-F4C1-45B9-AB5D-697EB71ADE30} = {EE1E7B36-E5E5-4672-94C1-DA99EB33A318}
		{2F5CD312-0066-47F4-B40D-CBE5CDF5949D} = {EE1E7B36-E5E5-4672-94C1-DA99EB33A318}
		{B0006A03-F465-41B5-96D9-ACCC3E3FEBB4} = {EE1E7B36-E5E5-4672-94C1-DA99EB33A318}
		{34271612-7661-4AA9-9293-82FD4F1C3C45} = {EE1E7B36-E5E5-4672-94C1-DA99EB33A318}
		{33935A83-7AD4-4BF2-8EFA-7F20B2FA67A7} = {EE1E7B36-E5E5-4672-94C1-DA99EB33A318}
		{FD34A904-ED70-48DA-A8D4-D3B0AD17252E} = {EE1E7B36-E5E5-4672-94C1-DA99EB33A318}
		{F47BE144-04FF-489B-BEDE-B129FF29922A} = {FD34A904-ED70-48DA-A8D4-D3B0AD17252E}
	EndGlobalSection
	GlobalSection(ExtensibilityGlobals) = postSolution
		SolutionGuid = {E98CD0B2-F671-442D-B4E9-238E4474AC80}
	EndGlobalSection
EndGlobal
